
Microsoft Visual Studio Solution File, Format Version 12.00
# Visual Studio 2012
Project("{FAE04EC0-301F-11D3-BF4B-00C04F79EFBC}") = "kRPCGegi", "kRPCGegi\kRPCGegi.csproj", "{8B45274C-66B7-4D9D-9818-6A7BD4B43B1B}"
EndProject
Global
	GlobalSection(SolutionConfigurationPlatforms) = preSolution
		Debug|Any CPU = Debug|Any CPU
		Release|Any CPU = Release|Any CPU
	EndGlobalSection
	GlobalSection(ProjectConfigurationPlatforms) = postSolution
		{8B45274C-66B7-4D9D-9818-6A7BD4B43B1B}.Debug|Any CPU.ActiveCfg = Debug|Any CPU
		{8B45274C-66B7-4D9D-9818-6A7BD4B43B1B}.Debug|Any CPU.Build.0 = Debug|Any CPU
		{8B45274C-66B7-4D9D-9818-6A7BD4B43B1B}.Release|Any CPU.ActiveCfg = Release|Any CPU
		{8B45274C-66B7-4D9D-9818-6A7BD4B43B1B}.Release|Any CPU.Build.0 = Release|Any CPU
	EndGlobalSection
EndGlobal
